
Microsoft Visual Studio Solution File, Format Version 12.00
# Visual Studio Version 17
VisualStudioVersion = 17.14.36301.6
MinimumVisualStudioVersion = 10.0.40219.1
Project("{FAE04EC0-301F-11D3-BF4B-00C04F79EFBC}") = "DesignPatterns", "DesignPatterns.csproj", "{044CB9F2-7A44-4BC9-9893-FD0032870476}"
EndProject
Project("{FAE04EC0-301F-11D3-BF4B-00C04F79EFBC}") = "DesignPatterns.Tests", "..\DesignPatterns.Tests\DesignPatterns.Tests.csproj", "{FF376054-49AB-4C98-8F0C-9A0BC3FC15EB}"
EndProject
Global
	GlobalSection(SolutionConfigurationPlatforms) = preSolution
		Debug|Any CPU = Debug|Any CPU
		Release|Any CPU = Release|Any CPU
	EndGlobalSection
	GlobalSection(ProjectConfigurationPlatforms) = postSolution
		{044CB9F2-7A44-4BC9-9893-FD0032870476}.Debug|Any CPU.ActiveCfg = Debug|Any CPU
		{044CB9F2-7A44-4BC9-9893-FD0032870476}.Debug|Any CPU.Build.0 = Debug|Any CPU
		{044CB9F2-7A44-4BC9-9893-FD0032870476}.Release|Any CPU.ActiveCfg = Release|Any CPU
		{044CB9F2-7A44-4BC9-9893-FD0032870476}.Release|Any CPU.Build.0 = Release|Any CPU
		{FF376054-49AB-4C98-8F0C-9A0BC3FC15EB}.Debug|Any CPU.ActiveCfg = Debug|Any CPU
		{FF376054-49AB-4C98-8F0C-9A0BC3FC15EB}.Debug|Any CPU.Build.0 = Debug|Any CPU
		{FF376054-49AB-4C98-8F0C-9A0BC3FC15EB}.Release|Any CPU.ActiveCfg = Release|Any CPU
		{FF376054-49AB-4C98-8F0C-9A0BC3FC15EB}.Release|Any CPU.Build.0 = Release|Any CPU
	EndGlobalSection
	GlobalSection(SolutionProperties) = preSolution
		HideSolutionNode = FALSE
	EndGlobalSection
	GlobalSection(ExtensibilityGlobals) = postSolution
		SolutionGuid = {2D6D9DC5-DD22-4886-B961-3151FBE7A7F2}
	EndGlobalSection
EndGlobal
